{
  "name": "Picoard",
  "version": "1.0.0",
  "lockfileVersion": 1,
  "dependencies": {
    "bindings": {
      "version": "1.2.1",
      "resolved": "https://registry.npmjs.org/bindings/-/bindings-1.2.1.tgz",
      "integrity": "sha1-FK1hE4EtLTfXLme0ystLtyZQXxE="
    },
    "debug": {
      "version": "2.6.8",
      "resolved": "https://registry.npmjs.org/debug/-/debug-2.6.8.tgz",
      "integrity": "sha1-5zFTHKLt4n0YgiJCfaF4IdaP9Pw="
    },
    "ffi": {
      "version": "2.2.0",
      "resolved": "https://registry.npmjs.org/ffi/-/ffi-2.2.0.tgz",
      "integrity": "sha1-vxiwRmain3EiftVoldVDCvRwQvo="
    },
    "ms": {
      "version": "2.0.0",
      "resolved": "https://registry.npmjs.org/ms/-/ms-2.0.0.tgz",
      "integrity": "sha1-VgiurfwAvmwpAd9fmGF4jeDVl8g="
    },
    "nan": {
      "version": "2.6.2",
      "resolved": "https://registry.npmjs.org/nan/-/nan-2.6.2.tgz",
      "integrity": "sha1-5P805slf37WuzAjeZZb0NgWn20U="
    },
    "nodobjc": {
      "version": "2.1.0",
      "resolved": "https://registry.npmjs.org/nodobjc/-/nodobjc-2.1.0.tgz",
      "integrity": "sha1-3xP/MNox/ZG2S3XzF1ru0F6MV50="
    },
    "ref": {
      "version": "1.1.3",
      "resolved": "https://registry.npmjs.org/ref/-/ref-1.1.3.tgz",
      "integrity": "sha1-r0mdEHEnBGt3UfLfVUunhShmruQ="
    },
    "ref-struct": {
      "version": "1.0.2",
      "resolved": "https://registry.npmjs.org/ref-struct/-/ref-struct-1.0.2.tgz",
      "integrity": "sha1-bjfK+i219fLdr1rouvztPiRsvJA="
    }
  }
}
